
Microsoft Visual Studio Solution File, Format Version 12.00
# Visual Studio Version 17
VisualStudioVersion = 17.9.34622.214
MinimumVisualStudioVersion = 10.0.40219.1
Project("{9A19103F-16F7-4668-BE54-9A1E7A4F7556}") = "ChurchApplication.Entities", "AdeyanjuApplication.Entities\ChurchApplication.Entities.csproj", "{3B17B550-CF77-413C-B7E7-225AFCBAB747}"
EndProject
Project("{9A19103F-16F7-4668-BE54-9A1E7A4F7556}") = "ChurchApplication.DataService", "AdeyanjuApplication.DataService\ChurchApplication.DataService.csproj", "{62010082-FB4A-42DF-8F50-80AE3986CC99}"
EndProject
Project("{9A19103F-16F7-4668-BE54-9A1E7A4F7556}") = "ChurchApplication.API", "AdeyanjuApplication.API\ChurchApplication.API.csproj", "{3D92D5BB-C00C-41FE-AB22-CB7DDE56BC86}"
EndProject
Project("{FAE04EC0-301F-11D3-BF4B-00C04F79EFBC}") = "ChurchApplication.View", "ChurchApplication.View\ChurchApplication.View.csproj", "{85AAE870-B558-490D-8829-0A7651346833}"
EndProject
Global
	GlobalSection(SolutionConfigurationPlatforms) = preSolution
		Debug|Any CPU = Debug|Any CPU
		Release|Any CPU = Release|Any CPU
	EndGlobalSection
	GlobalSection(ProjectConfigurationPlatforms) = postSolution
		{3B17B550-CF77-413C-B7E7-225AFCBAB747}.Debug|Any CPU.ActiveCfg = Debug|Any CPU
		{3B17B550-CF77-413C-B7E7-225AFCBAB747}.Debug|Any CPU.Build.0 = Debug|Any CPU
		{3B17B550-CF77-413C-B7E7-225AFCBAB747}.Release|Any CPU.ActiveCfg = Release|Any CPU
		{3B17B550-CF77-413C-B7E7-225AFCBAB747}.Release|Any CPU.Build.0 = Release|Any CPU
		{62010082-FB4A-42DF-8F50-80AE3986CC99}.Debug|Any CPU.ActiveCfg = Debug|Any CPU
		{62010082-FB4A-42DF-8F50-80AE3986CC99}.Debug|Any CPU.Build.0 = Debug|Any CPU
		{62010082-FB4A-42DF-8F50-80AE3986CC99}.Release|Any CPU.ActiveCfg = Release|Any CPU
		{62010082-FB4A-42DF-8F50-80AE3986CC99}.Release|Any CPU.Build.0 = Release|Any CPU
		{3D92D5BB-C00C-41FE-AB22-CB7DDE56BC86}.Debug|Any CPU.ActiveCfg = Debug|Any CPU
		{3D92D5BB-C00C-41FE-AB22-CB7DDE56BC86}.Debug|Any CPU.Build.0 = Debug|Any CPU
		{3D92D5BB-C00C-41FE-AB22-CB7DDE56BC86}.Release|Any CPU.ActiveCfg = Release|Any CPU
		{3D92D5BB-C00C-41FE-AB22-CB7DDE56BC86}.Release|Any CPU.Build.0 = Release|Any CPU
		{85AAE870-B558-490D-8829-0A7651346833}.Debug|Any CPU.ActiveCfg = Debug|Any CPU
		{85AAE870-B558-490D-8829-0A7651346833}.Debug|Any CPU.Build.0 = Debug|Any CPU
		{85AAE870-B558-490D-8829-0A7651346833}.Release|Any CPU.ActiveCfg = Release|Any CPU
		{85AAE870-B558-490D-8829-0A7651346833}.Release|Any CPU.Build.0 = Release|Any CPU
	EndGlobalSection
	GlobalSection(SolutionProperties) = preSolution
		HideSolutionNode = FALSE
	EndGlobalSection
	GlobalSection(ExtensibilityGlobals) = postSolution
		SolutionGuid = {06877A7B-DF9B-4186-A326-1120C15EB7B8}
	EndGlobalSection
EndGlobal
